
Microsoft Visual Studio Solution File, Format Version 12.00
# Visual Studio Version 16
VisualStudioVersion = 16.0.30804.86
MinimumVisualStudioVersion = 10.0.40219.1
Project("{2150E333-8FDC-42A3-9474-1A3956D46DE8}") = "Common", "Common", "{009FBA5A-5A79-42CE-A090-CECE611B541C}"
EndProject
Project("{2150E333-8FDC-42A3-9474-1A3956D46DE8}") = "Services", "Services", "{60868E92-1223-44A0-A98A-D3AE024CC0DE}"
EndProject
Project("{2150E333-8FDC-42A3-9474-1A3956D46DE8}") = "UI", "UI", "{E617931A-538D-4F2A-8848-8E10D96819EF}"
EndProject
Project("{9A19103F-16F7-4668-BE54-9A1E7A4F7556}") = "WebStore.Domain", "Common\WebStoreDomain\WebStore.Domain.csproj", "{81C05A8E-6A73-40BC-AF27-00DD97D8C80E}"
EndProject
Project("{9A19103F-16F7-4668-BE54-9A1E7A4F7556}") = "WebStore.DAL", "Services\WebStore.DAL\WebStore.DAL.csproj", "{0DB565AF-8976-45B5-842F-A87BDF8F3293}"
EndProject
Project("{9A19103F-16F7-4668-BE54-9A1E7A4F7556}") = "WebStore", "UI\WebStore\WebStore.csproj", "{B23927B1-ADE3-4AB1-BC86-2CF6AFE22583}"
EndProject
Project("{9A19103F-16F7-4668-BE54-9A1E7A4F7556}") = "WebStore.Interfaces", "Services\WebStore.Interfaces\WebStore.Interfaces.csproj", "{17679464-F986-4090-AB7D-099635BFC260}"
EndProject
Project("{9A19103F-16F7-4668-BE54-9A1E7A4F7556}") = "WebStore.Services", "Services\WebStore.Services\WebStore.Services.csproj", "{EA533D4E-8204-4450-AA6B-716C1FAF2AC5}"
EndProject
Project("{9A19103F-16F7-4668-BE54-9A1E7A4F7556}") = "WebStore.ServiceHosting", "Services\WebStore.ServiceHosting\WebStore.ServiceHosting.csproj", "{FF337E66-05DA-4A45-825D-AE50CF68529A}"
EndProject
Project("{9A19103F-16F7-4668-BE54-9A1E7A4F7556}") = "WebStore.Clients", "Services\WebStore.Clients\WebStore.Clients.csproj", "{67DD96C1-DD7A-406E-89DF-B5984EEAF766}"
EndProject
Project("{FAE04EC0-301F-11D3-BF4B-00C04F79EFBC}") = "WebStore.Logger", "Common\WebStore.Logger\WebStore.Logger.csproj", "{9A93EAFE-C93E-45EB-98C7-128FB21F8629}"
EndProject
Global
	GlobalSection(SolutionConfigurationPlatforms) = preSolution
		Debug|Any CPU = Debug|Any CPU
		Release|Any CPU = Release|Any CPU
	EndGlobalSection
	GlobalSection(ProjectConfigurationPlatforms) = postSolution
		{81C05A8E-6A73-40BC-AF27-00DD97D8C80E}.Debug|Any CPU.ActiveCfg = Debug|Any CPU
		{81C05A8E-6A73-40BC-AF27-00DD97D8C80E}.Debug|Any CPU.Build.0 = Debug|Any CPU
		{81C05A8E-6A73-40BC-AF27-00DD97D8C80E}.Release|Any CPU.ActiveCfg = Release|Any CPU
		{81C05A8E-6A73-40BC-AF27-00DD97D8C80E}.Release|Any CPU.Build.0 = Release|Any CPU
		{0DB565AF-8976-45B5-842F-A87BDF8F3293}.Debug|Any CPU.ActiveCfg = Debug|Any CPU
		{0DB565AF-8976-45B5-842F-A87BDF8F3293}.Debug|Any CPU.Build.0 = Debug|Any CPU
		{0DB565AF-8976-45B5-842F-A87BDF8F3293}.Release|Any CPU.ActiveCfg = Release|Any CPU
		{0DB565AF-8976-45B5-842F-A87BDF8F3293}.Release|Any CPU.Build.0 = Release|Any CPU
		{B23927B1-ADE3-4AB1-BC86-2CF6AFE22583}.Debug|Any CPU.ActiveCfg = Debug|Any CPU
		{B23927B1-ADE3-4AB1-BC86-2CF6AFE22583}.Debug|Any CPU.Build.0 = Debug|Any CPU
		{B23927B1-ADE3-4AB1-BC86-2CF6AFE22583}.Release|Any CPU.ActiveCfg = Release|Any CPU
		{B23927B1-ADE3-4AB1-BC86-2CF6AFE22583}.Release|Any CPU.Build.0 = Release|Any CPU
		{17679464-F986-4090-AB7D-099635BFC260}.Debug|Any CPU.ActiveCfg = Debug|Any CPU
		{17679464-F986-4090-AB7D-099635BFC260}.Debug|Any CPU.Build.0 = Debug|Any CPU
		{17679464-F986-4090-AB7D-099635BFC260}.Release|Any CPU.ActiveCfg = Release|Any CPU
		{17679464-F986-4090-AB7D-099635BFC260}.Release|Any CPU.Build.0 = Release|Any CPU
		{EA533D4E-8204-4450-AA6B-716C1FAF2AC5}.Debug|Any CPU.ActiveCfg = Debug|Any CPU
		{EA533D4E-8204-4450-AA6B-716C1FAF2AC5}.Debug|Any CPU.Build.0 = Debug|Any CPU
		{EA533D4E-8204-4450-AA6B-716C1FAF2AC5}.Release|Any CPU.ActiveCfg = Release|Any CPU
		{EA533D4E-8204-4450-AA6B-716C1FAF2AC5}.Release|Any CPU.Build.0 = Release|Any CPU
		{FF337E66-05DA-4A45-825D-AE50CF68529A}.Debug|Any CPU.ActiveCfg = Debug|Any CPU
		{FF337E66-05DA-4A45-825D-AE50CF68529A}.Debug|Any CPU.Build.0 = Debug|Any CPU
		{FF337E66-05DA-4A45-825D-AE50CF68529A}.Release|Any CPU.ActiveCfg = Release|Any CPU
		{FF337E66-05DA-4A45-825D-AE50CF68529A}.Release|Any CPU.Build.0 = Release|Any CPU
		{67DD96C1-DD7A-406E-89DF-B5984EEAF766}.Debug|Any CPU.ActiveCfg = Debug|Any CPU
		{67DD96C1-DD7A-406E-89DF-B5984EEAF766}.Debug|Any CPU.Build.0 = Debug|Any CPU
		{67DD96C1-DD7A-406E-89DF-B5984EEAF766}.Release|Any CPU.ActiveCfg = Release|Any CPU
		{67DD96C1-DD7A-406E-89DF-B5984EEAF766}.Release|Any CPU.Build.0 = Release|Any CPU
		{9A93EAFE-C93E-45EB-98C7-128FB21F8629}.Debug|Any CPU.ActiveCfg = Debug|Any CPU
		{9A93EAFE-C93E-45EB-98C7-128FB21F8629}.Debug|Any CPU.Build.0 = Debug|Any CPU
		{9A93EAFE-C93E-45EB-98C7-128FB21F8629}.Release|Any CPU.ActiveCfg = Release|Any CPU
		{9A93EAFE-C93E-45EB-98C7-128FB21F8629}.Release|Any CPU.Build.0 = Release|Any CPU
	EndGlobalSection
	GlobalSection(SolutionProperties) = preSolution
		HideSolutionNode = FALSE
	EndGlobalSection
	GlobalSection(NestedProjects) = preSolution
		{81C05A8E-6A73-40BC-AF27-00DD97D8C80E} = {009FBA5A-5A79-42CE-A090-CECE611B541C}
		{0DB565AF-8976-45B5-842F-A87BDF8F3293} = {60868E92-1223-44A0-A98A-D3AE024CC0DE}
		{B23927B1-ADE3-4AB1-BC86-2CF6AFE22583} = {E617931A-538D-4F2A-8848-8E10D96819EF}
		{17679464-F986-4090-AB7D-099635BFC260} = {60868E92-1223-44A0-A98A-D3AE024CC0DE}
		{EA533D4E-8204-4450-AA6B-716C1FAF2AC5} = {60868E92-1223-44A0-A98A-D3AE024CC0DE}
		{FF337E66-05DA-4A45-825D-AE50CF68529A} = {60868E92-1223-44A0-A98A-D3AE024CC0DE}
		{67DD96C1-DD7A-406E-89DF-B5984EEAF766} = {60868E92-1223-44A0-A98A-D3AE024CC0DE}
		{9A93EAFE-C93E-45EB-98C7-128FB21F8629} = {009FBA5A-5A79-42CE-A090-CECE611B541C}
	EndGlobalSection
	GlobalSection(ExtensibilityGlobals) = postSolution
		SolutionGuid = {5E24E66A-369E-4913-BB7D-85CB81D0A995}
	EndGlobalSection
EndGlobal
